
Microsoft Visual Studio Solution File, Format Version 12.00
# Visual Studio Version 17
VisualStudioVersion = 17.7.34031.279
MinimumVisualStudioVersion = 10.0.40219.1
Project("{FAE04EC0-301F-11D3-BF4B-00C04F79EFBC}") = "DeleteMetaFile", "DeleteMetaFile\DeleteMetaFile.csproj", "{99D40E50-DFC7-4E46-B5B7-D7A2276BA569}"
EndProject
Global
	GlobalSection(SolutionConfigurationPlatforms) = preSolution
		Debug|Any CPU = Debug|Any CPU
		Release|Any CPU = Release|Any CPU
	EndGlobalSection
	GlobalSection(ProjectConfigurationPlatforms) = postSolution
		{99D40E50-DFC7-4E46-B5B7-D7A2276BA569}.Debug|Any CPU.ActiveCfg = Debug|Any CPU
		{99D40E50-DFC7-4E46-B5B7-D7A2276BA569}.Debug|Any CPU.Build.0 = Debug|Any CPU
		{99D40E50-DFC7-4E46-B5B7-D7A2276BA569}.Release|Any CPU.ActiveCfg = Release|Any CPU
		{99D40E50-DFC7-4E46-B5B7-D7A2276BA569}.Release|Any CPU.Build.0 = Release|Any CPU
	EndGlobalSection
	GlobalSection(SolutionProperties) = preSolution
		HideSolutionNode = FALSE
	EndGlobalSection
	GlobalSection(ExtensibilityGlobals) = postSolution
		SolutionGuid = {123C9FAD-4438-4C6A-94D2-1035C1EE0A7A}
	EndGlobalSection
EndGlobal
